lockfileVersion: '6.0'

settings:
  autoInstallPeers: true
  excludeLinksFromLockfile: false

dependencies:
  slugify:
    specifier: ^1.6.6
    version: 1.6.6

packages:

  /slugify@1.6.6:
    resolution: {integrity: sha512-h+z7HKHYXj6wJU+AnS/+IH8Uh9fdcX1Lrhg1/VMdf9PwoBQXFcXiAdsy2tSK0P6gKwJLXp02r90ahUCqHk9rrw==}
    engines: {node: '>=8.0.0'}
    dev: false
